
Microsoft Visual Studio Solution File, Format Version 12.00
# Visual Studio Version 17
VisualStudioVersion = 17.7.34031.279
MinimumVisualStudioVersion = 10.0.40219.1
Project("{FAE04EC0-301F-11D3-BF4B-00C04F79EFBC}") = "XIIRPL1_09_Ticketing", "XIIRPL1_09_Ticketing\XIIRPL1_09_Ticketing.csproj", "{9168DE85-E372-4D7E-B924-3C6AFCFECBD7}"
EndProject
Global
	GlobalSection(SolutionConfigurationPlatforms) = preSolution
		Debug|Any CPU = Debug|Any CPU
		Release|Any CPU = Release|Any CPU
	EndGlobalSection
	GlobalSection(ProjectConfigurationPlatforms) = postSolution
		{9168DE85-E372-4D7E-B924-3C6AFCFECBD7}.Debug|Any CPU.ActiveCfg = Debug|Any CPU
		{9168DE85-E372-4D7E-B924-3C6AFCFECBD7}.Debug|Any CPU.Build.0 = Debug|Any CPU
		{9168DE85-E372-4D7E-B924-3C6AFCFECBD7}.Release|Any CPU.ActiveCfg = Release|Any CPU
		{9168DE85-E372-4D7E-B924-3C6AFCFECBD7}.Release|Any CPU.Build.0 = Release|Any CPU
	EndGlobalSection
	GlobalSection(SolutionProperties) = preSolution
		HideSolutionNode = FALSE
	EndGlobalSection
	GlobalSection(ExtensibilityGlobals) = postSolution
		SolutionGuid = {91540DF8-4769-412E-887B-579F3D27414D}
	EndGlobalSection
EndGlobal
